// !$*UTF8*$!
{
	archiveVersion = 1;
	classes = {
	};
	objectVersion = 46;
	objects = {

/* Begin PBXBuildFile section */
		2B6A5A591BB4E4620071C2B9 /* AppDelegate.swift in Sources */ = {isa = PBXBuildFile; fileRef = 2B6A5A581BB4E4620071C2B9 /* AppDelegate.swift */; };
		2B6A5A5B1BB4E4620071C2B9 /* ViewController.swift in Sources */ = {isa = PBXBuildFile; fileRef = 2B6A5A5A1BB4E4620071C2B9 /* ViewController.swift */; };
		2B6A5A5E1BB4E4620071C2B9 /* Main.storyboard in Resources */ = {isa = PBXBuildFile; fileRef = 2B6A5A5C1BB4E4620071C2B9 /* Main.storyboard */; };
		2B6A5A601BB4E4620071C2B9 /* Assets.xcassets in Resources */ = {isa = PBXBuildFile; fileRef = 2B6A5A5F1BB4E4620071C2B9 /* Assets.xcassets */; };
		2B6A5A631BB4E4620071C2B9 /* LaunchScreen.storyboard in Resources */ = {isa = PBXBuildFile; fileRef = 2B6A5A611BB4E4620071C2B9 /* LaunchScreen.storyboard */; };
		2B6A5A6B1BB4E46E0071C2B9 /* TTTButton.swift in Sources */ = {isa = PBXBuildFile; fileRef = 2B6A5A6A1BB4E46E0071C2B9 /* TTTButton.swift */; settings = {ASSET_TAGS = (); }; };
		2BCAF1BF1BB9E5EE005C8B72 /* HeadlineA.ttf in Resources */ = {isa = PBXBuildFile; fileRef = 2BCAF1BD1BB9E526005C8B72 /* HeadlineA.ttf */; settings = {ASSET_TAGS = (); }; };
/* End PBXBuildFile section */

/* Begin PBXFileReference section */
		2B6A5A551BB4E4620071C2B9 /* TickyTacToe.app */ = {isa = PBXFileReference; explicitFileType = wrapper.application; includeInIndex = 0; path = TickyTacToe.app; sourceTree = BUILT_PRODUCTS_DIR; };
		2B6A5A581BB4E4620071C2B9 /* AppDelegate.swift */ = {isa = PBXFileReference; lastKnownFileType = sourcecode.swift; path = AppDelegate.swift; sourceTree = "<group>"; };
		2B6A5A5A1BB4E4620071C2B9 /* ViewController.swift */ = {isa = PBXFileReference; lastKnownFileType = sourcecode.swift; path = ViewController.swift; sourceTree = "<group>"; };
		2B6A5A5D1BB4E4620071C2B9 /* Base */ = {isa = PBXFileReference; lastKnownFileType = file.storyboard; name = Base; path = Base.lproj/Main.storyboard; sourceTree = "<group>"; };
		2B6A5A5F1BB4E4620071C2B9 /* Assets.xcassets */ = {isa = PBXFileReference; lastKnownFileType = folder.assetcatalog; path = Assets.xcassets; sourceTree = "<group>"; };
		2B6A5A621BB4E4620071C2B9 /* Base */ = {isa = PBXFileReference; lastKnownFileType = file.storyboard; name = Base; path = Base.lproj/LaunchScreen.storyboard; sourceTree = "<group>"; };
		2B6A5A641BB4E4620071C2B9 /* Info.plist */ = {isa = PBXFileReference; lastKnownFileType = text.plist.xml; path = Info.plist; sourceTree = "<group>"; };
		2B6A5A6A1BB4E46E0071C2B9 /* TTTButton.swift */ = {isa = PBXFileReference; fileEncoding = 4; lastKnownFileType = sourcecode.swift; path = TTTButton.swift; sourceTree = "<group>"; };
		2BCAF1BD1BB9E526005C8B72 /* HeadlineA.ttf */ = {isa = PBXFileReference; lastKnownFileType = file; path = HeadlineA.ttf; sourceTree = "<group>"; };
/* End PBXFileReference section */

/* Begin PBXFrameworksBuildPhase section */
		2B6A5A521BB4E4620071C2B9 /* Frameworks */ = {
			isa = PBXFrameworksBuildPhase;
			buildActionMask = 2147483647;
			files = (
			);
			runOnlyForDeploymentPostprocessing = 0;
		};
/* End PBXFrameworksBuildPhase section */

/* Begin PBXGroup section */
		2B6A5A4C1BB4E4620071C2B9 = {
			isa = PBXGroup;
			children = (
				2B6A5A571BB4E4620071C2B9 /* TickyTacToe */,
				2B6A5A561BB4E4620071C2B9 /* Products */,
			);
			sourceTree = "<group>";
		};
		2B6A5A561BB4E4620071C2B9 /* Products */ = {
			isa = PBXGroup;
			children = (
				2B6A5A551BB4E4620071C2B9 /* TickyTacToe.app */,
			);
			name = Products;
			sourceTree = "<group>";
		};
		2B6A5A571BB4E4620071C2B9 /* TickyTacToe */ = {
			isa = PBXGroup;
			children = (
				2B6A5A581BB4E4620071C2B9 /* AppDelegate.swift */,
				2B6A5A5A1BB4E4620071C2B9 /* ViewController.swift */,
				2B6A5A6A1BB4E46E0071C2B9 /* TTTButton.swift */,
				2B6A5A5C1BB4E4620071C2B9 /* Main.storyboard */,
				2B6A5A5F1BB4E4620071C2B9 /* Assets.xcassets */,
				2B6A5A611BB4E4620071C2B9 /* LaunchScreen.storyboard */,
				2B6A5A641BB4E4620071C2B9 /* Info.plist */,
				2BCAF1BC1BB9DF76005C8B72 /* Resources */,
			);
			path = TickyTacToe;
			sourceTree = "<group>";
		};
		2BCAF1BC1BB9DF76005C8B72 /* Resources */ = {
			isa = PBXGroup;
			children = (
				2BCAF1BD1BB9E526005C8B72 /* HeadlineA.ttf */,
			);
			name = Resources;
			sourceTree = "<group>";
		};
/* End PBXGroup section */

/* Begin PBXNativeTarget section */
		2B6A5A541BB4E4620071C2B9 /* TickyTacToe */ = {
			isa = PBXNativeTarget;
			buildConfigurationList = 2B6A5A671BB4E4620071C2B9 /* Build configuration list for PBXNativeTarget "TickyTacToe" */;
			buildPhases = (
				2B6A5A511BB4E4620071C2B9 /* Sources */,
				2B6A5A521BB4E4620071C2B9 /* Frameworks */,
				2B6A5A531BB4E4620071C2B9 /* Resources */,
			);
			buildRules = (
			);
			dependencies = (
			);
			name = TickyTacToe;
			productName = TickyTacToe;
			productReference = 2B6A5A551BB4E4620071C2B9 /* TickyTacToe.app */;
			productType = "com.apple.product-type.application";
		};
/* End PBXNativeTarget section */

/* Begin PBXProject section */
		2B6A5A4D1BB4E4620071C2B9 /* Project object */ = {
			isa = PBXProject;
			attributes = {
				LastUpgradeCheck = 0700;
				ORGANIZATIONNAME = "Joe E.";
				TargetAttributes = {
					2B6A5A541BB4E4620071C2B9 = {
						CreatedOnToolsVersion = 7.0;
					};
				};
			};
			buildConfigurationList = 2B6A5A501BB4E4620071C2B9 /* Build configuration list for PBXProject "TickyTacToe" */;
			compatibilityVersion = "Xcode 3.2";
			developmentRegion = English;
			hasScannedForEncodings = 0;
			knownRegions = (
				en,
				Base,
			);
			mainGroup = 2B6A5A4C1BB4E4620071C2B9;
			productRefGroup = 2B6A5A561BB4E4620071C2B9 /* Products */;
			projectDirPath = "";
			projectRoot = "";
			targets = (
				2B6A5A541BB4E4620071C2B9 /* TickyTacToe */,
			);
		};
/* End PBXProject section */

/* Begin PBXResourcesBuildPhase section */
		2B6A5A531BB4E4620071C2B9 /* Resources */ = {
			isa = PBXResourcesBuildPhase;
			buildActionMask = 2147483647;
			files = (
				2BCAF1BF1BB9E5EE005C8B72 /* HeadlineA.ttf in Resources */,
				2B6A5A631BB4E4620071C2B9 /* LaunchScreen.storyboard in Resources */,
				2B6A5A601BB4E4620071C2B9 /* Assets.xcassets in Resources */,
				2B6A5A5E1BB4E4620071C2B9 /* Main.storyboard in Resources */,
			);
			runOnlyForDeploymentPostprocessing = 0;
		};
/* End PBXResourcesBuildPhase section */

/* Begin PBXSourcesBuildPhase section */
		2B6A5A511BB4E4620071C2B9 /* Sources */ = {
			isa = PBXSourcesBuildPhase;
			buildActionMask = 2147483647;
			files = (
				2B6A5A5B1BB4E4620071C2B9 /* ViewController.swift in Sources */,
				2B6A5A591BB4E4620071C2B9 /* AppDelegate.swift in Sources */,
				2B6A5A6B1BB4E46E0071C2B9 /* TTTButton.swift in Sources */,
			);
			runOnlyForDeploymentPostprocessing = 0;
		};
/* End PBXSourcesBuildPhase section */

/* Begin PBXVariantGroup section */
		2B6A5A5C1BB4E4620071C2B9 /* Main.storyboard */ = {
			isa = PBXVariantGroup;
			children = (
				2B6A5A5D1BB4E4620071C2B9 /* Base */,
			);
			name = Main.storyboard;
			sourceTree = "<group>";
		};
		2B6A5A611BB4E4620071C2B9 /* LaunchScreen.storyboard */ = {
			isa = PBXVariantGroup;
			children = (
				2B6A5A621BB4E4620071C2B9 /* Base */,
			);
			name = LaunchScreen.storyboard;
			sourceTree = "<group>";
		};
/* End PBXVariantGroup section */

/* Begin XCBuildConfiguration section */
		2B6A5A651BB4E4620071C2B9 /* Debug */ = {
			isa = XCBuildConfiguration;
			buildSettings = {
				ALWAYS_SEARCH_USER_PATHS = NO;
				CLANG_CXX_LANGUAGE_STANDARD = "gnu++0x";
				CLANG_CXX_LIBRARY = "libc++";
				CLANG_ENABLE_MODULES = YES;
				CLANG_ENABLE_OBJC_ARC = YES;
				CLANG_WARN_BOOL_CONVERSION = YES;
				CLANG_WARN_CONSTANT_CONVERSION = YES;
				CLANG_WARN_DIRECT_OBJC_ISA_USAGE = YES_ERROR;
				CLANG_WARN_EMPTY_BODY = YES;
				CLANG_WARN_ENUM_CONVERSION = YES;
				CLANG_WARN_INT_CONVERSION = YES;
				CLANG_WARN_OBJC_ROOT_CLASS = YES_ERROR;
				CLANG_WARN_UNREACHABLE_CODE = YES;
				CLANG_WARN__DUPLICATE_METHOD_MATCH = YES;
				"CODE_SIGN_IDENTITY[sdk=iphoneos*]" = "iPhone Developer";
				COPY_PHASE_STRIP = NO;
				DEBUG_INFORMATION_FORMAT = dwarf;
				ENABLE_STRICT_OBJC_MSGSEND = YES;
				ENABLE_TESTABILITY = YES;
				GCC_C_LANGUAGE_STANDARD = gnu99;
				GCC_DYNAMIC_NO_PIC = NO;
				GCC_NO_COMMON_BLOCKS = YES;
				GCC_OPTIMIZATION_LEVEL = 0;
				GCC_PREPROCESSOR_DEFINITIONS = (
					"DEBUG=1",
					"$(inherited)",
				);
				GCC_WARN_64_TO_32_BIT_CONVERSION = YES;
				GCC_WARN_ABOUT_RETURN_TYPE = YES_ERROR;
				GCC_WARN_UNDECLARED_SELECTOR = YES;
				GCC_WARN_UNINITIALIZED_AUTOS = YES_AGGRESSIVE;
				GCC_WARN_UNUSED_FUNCTION = YES;
				GCC_WARN_UNUSED_VARIABLE = YES;
				IPHONEOS_DEPLOYMENT_TARGET = 9.0;
				MTL_ENABLE_DEBUG_INFO = YES;
				ONLY_ACTIVE_ARCH = YES;
				SDKROOT = iphoneos;
				SWIFT_OPTIMIZATION_LEVEL = "-Onone";
			};
			name = Debug;
		};
		2B6A5A661BB4E4620071C2B9 /* Release */ = {
			isa = XCBuildConfiguration;
			buildSettings = {
				ALWAYS_SEARCH_USER_PATHS = NO;
				CLANG_CXX_LANGUAGE_STANDARD = "gnu++0x";
				CLANG_CXX_LIBRARY = "libc++";
				CLANG_ENABLE_MODULES = YES;
				CLANG_ENABLE_OBJC_ARC = YES;
				CLANG_WARN_BOOL_CONVERSION = YES;
				CLANG_WARN_CONSTANT_CONVERSION = YES;
				CLANG_WARN_DIRECT_OBJC_ISA_USAGE = YES_ERROR;
				CLANG_WARN_EMPTY_BODY = YES;
				CLANG_WARN_ENUM_CONVERSION = YES;
				CLANG_WARN_INT_CONVERSION = YES;
				CLANG_WARN_OBJC_ROOT_CLASS = YES_ERROR;
				CLANG_WARN_UNREACHABLE_CODE = YES;
				CLANG_WARN__DUPLICATE_METHOD_MATCH = YES;
				"CODE_SIGN_IDENTITY[sdk=iphoneos*]" = "iPhone Developer";
				COPY_PHASE_STRIP = NO;
				DEBUG_INFORMATION_FORMAT = "dwarf-with-dsym";
				ENABLE_NS_ASSERTIONS = NO;
				ENABLE_STRICT_OBJC_MSGSEND = YES;
				GCC_C_LANGUAGE_STANDARD = gnu99;
				GCC_NO_COMMON_BLOCKS = YES;
				GCC_WARN_64_TO_32_BIT_CONVERSION = YES;
				GCC_WARN_ABOUT_RETURN_TYPE = YES_ERROR;
				GCC_WARN_UNDECLARED_SELECTOR = YES;
				GCC_WARN_UNINITIALIZED_AUTOS = YES_AGGRESSIVE;
				GCC_WARN_UNUSED_FUNCTION = YES;
				GCC_WARN_UNUSED_VARIABLE = YES;
				IPHONEOS_DEPLOYMENT_TARGET = 9.0;
				MTL_ENABLE_DEBUG_INFO = NO;
				SDKROOT = iphoneos;
				VALIDATE_PRODUCT = YES;
			};
			name = Release;
		};
		2B6A5A681BB4E4620071C2B9 /* Debug */ = {
			isa = XCBuildConfiguration;
			buildSettings = {
				ASSETCATALOG_COMPILER_APPICON_NAME = AppIcon;
				INFOPLIST_FILE = TickyTacToe/Info.plist;
				LD_RUNPATH_SEARCH_PATHS = "$(inherited) @executable_path/Frameworks";
				PRODUCT_BUNDLE_IDENTIFIER = com.Montchat.TickyTacToe;
				PRODUCT_NAME = "$(TARGET_NAME)";
			};
			name = Debug;
		};
		2B6A5A691BB4E4620071C2B9 /* Release */ = {
			isa = XCBuildConfiguration;
			buildSettings = {
				ASSETCATALOG_COMPILER_APPICON_NAME = AppIcon;
				INFOPLIST_FILE = TickyTacToe/Info.plist;
				LD_RUNPATH_SEARCH_PATHS = "$(inherited) @executable_path/Frameworks";
				PRODUCT_BUNDLE_IDENTIFIER = com.Montchat.TickyTacToe;
				PRODUCT_NAME = "$(TARGET_NAME)";
			};
			name = Release;
		};
/* End XCBuildConfiguration section */

/* Begin XCConfigurationList section */
		2B6A5A501BB4E4620071C2B9 /* Build configuration list for PBXProject "TickyTacToe" */ = {
			isa = XCConfigurationList;
			buildConfigurations = (
				2B6A5A651BB4E4620071C2B9 /* Debug */,
				2B6A5A661BB4E4620071C2B9 /* Release */,
			);
			defaultConfigurationIsVisible = 0;
			defaultConfigurationName = Release;
		};
		2B6A5A671BB4E4620071C2B9 /* Build configuration list for PBXNativeTarget "TickyTacToe" */ = {
			isa = XCConfigurationList;
			buildConfigurations = (
				2B6A5A681BB4E4620071C2B9 /* Debug */,
				2B6A5A691BB4E4620071C2B9 /* Release */,
			);
			defaultConfigurationIsVisible = 0;
			defaultConfigurationName = Release;
		};
/* End XCConfigurationList section */
	};
	rootObject = 2B6A5A4D1BB4E4620071C2B9 /* Project object */;
}
